// !$*UTF8*$!
{
	archiveVersion = 1;
	classes = {
	};
	objectVersion = 46;
	objects = {

/* Begin PBXBuildFile section */
		AF68FC7B1A2FB17200853A77 /* AppDelegate.swift in Sources */ = {isa = PBXBuildFile; fileRef = AF68FC7A1A2FB17200853A77 /* AppDelegate.swift */; };
		AF68FC7D1A2FB17200853A77 /* ViewController.swift in Sources */ = {isa = PBXBuildFile; fileRef = AF68FC7C1A2FB17200853A77 /* ViewController.swift */; };
		AF68FC801A2FB17200853A77 /* Main.storyboard in Resources */ = {isa = PBXBuildFile; fileRef = AF68FC7E1A2FB17200853A77 /* Main.storyboard */; };
		AF68FC821A2FB17200853A77 /* Images.xcassets in Resources */ = {isa = PBXBuildFile; fileRef = AF68FC811A2FB17200853A77 /* Images.xcassets */; };
		AF68FC851A2FB17200853A77 /* LaunchScreen.xib in Resources */ = {isa = PBXBuildFile; fileRef = AF68FC831A2FB17200853A77 /* LaunchScreen.xib */; };
		AF68FC911A2FB17300853A77 /* piggy_bankTests.swift in Sources */ = {isa = PBXBuildFile; fileRef = AF68FC901A2FB17300853A77 /* piggy_bankTests.swift */; };
/* End PBXBuildFile section */

/* Begin PBXContainerItemProxy section */
		AF68FC8B1A2FB17300853A77 /* PBXContainerItemProxy */ = {
			isa = PBXContainerItemProxy;
			containerPortal = AF68FC6D1A2FB17200853A77 /* Project object */;
			proxyType = 1;
			remoteGlobalIDString = AF68FC741A2FB17200853A77;
			remoteInfo = "piggy-bank";
		};
/* End PBXContainerItemProxy section */

/* Begin PBXFileReference section */
		AF68FC751A2FB17200853A77 /* piggy-bank.app */ = {isa = PBXFileReference; explicitFileType = wrapper.application; includeInIndex = 0; path = "piggy-bank.app"; sourceTree = BUILT_PRODUCTS_DIR; };
		AF68FC791A2FB17200853A77 /* Info.plist */ = {isa = PBXFileReference; lastKnownFileType = text.plist.xml; path = Info.plist; sourceTree = "<group>"; };
		AF68FC7A1A2FB17200853A77 /* AppDelegate.swift */ = {isa = PBXFileReference; lastKnownFileType = sourcecode.swift; path = AppDelegate.swift; sourceTree = "<group>"; };
		AF68FC7C1A2FB17200853A77 /* ViewController.swift */ = {isa = PBXFileReference; lastKnownFileType = sourcecode.swift; path = ViewController.swift; sourceTree = "<group>"; };
		AF68FC7F1A2FB17200853A77 /* Base */ = {isa = PBXFileReference; lastKnownFileType = file.storyboard; name = Base; path = Base.lproj/Main.storyboard; sourceTree = "<group>"; };
		AF68FC811A2FB17200853A77 /* Images.xcassets */ = {isa = PBXFileReference; lastKnownFileType = folder.assetcatalog; path = Images.xcassets; sourceTree = "<group>"; };
		AF68FC841A2FB17200853A77 /* Base */ = {isa = PBXFileReference; lastKnownFileType = file.xib; name = Base; path = Base.lproj/LaunchScreen.xib; sourceTree = "<group>"; };
		AF68FC8A1A2FB17300853A77 /* piggy-bankTests.xctest */ = {isa = PBXFileReference; explicitFileType = wrapper.cfbundle; includeInIndex = 0; path = "piggy-bankTests.xctest"; sourceTree = BUILT_PRODUCTS_DIR; };
		AF68FC8F1A2FB17300853A77 /* Info.plist */ = {isa = PBXFileReference; lastKnownFileType = text.plist.xml; path = Info.plist; sourceTree = "<group>"; };
		AF68FC901A2FB17300853A77 /* piggy_bankTests.swift */ = {isa = PBXFileReference; lastKnownFileType = sourcecode.swift; path = piggy_bankTests.swift; sourceTree = "<group>"; };
/* End PBXFileReference section */

/* Begin PBXFrameworksBuildPhase section */
		AF68FC721A2FB17200853A77 /* Frameworks */ = {
			isa = PBXFrameworksBuildPhase;
			buildActionMask = 2147483647;
			files = (
			);
			runOnlyForDeploymentPostprocessing = 0;
		};
		AF68FC871A2FB17300853A77 /* Frameworks */ = {
			isa = PBXFrameworksBuildPhase;
			buildActionMask = 2147483647;
			files = (
			);
			runOnlyForDeploymentPostprocessing = 0;
		};
/* End PBXFrameworksBuildPhase section */

/* Begin PBXGroup section */
		AF68FC6C1A2FB17200853A77 = {
			isa = PBXGroup;
			children = (
				AF68FC771A2FB17200853A77 /* piggy-bank */,
				AF68FC8D1A2FB17300853A77 /* piggy-bankTests */,
				AF68FC761A2FB17200853A77 /* Products */,
			);
			sourceTree = "<group>";
		};
		AF68FC761A2FB17200853A77 /* Products */ = {
			isa = PBXGroup;
			children = (
				AF68FC751A2FB17200853A77 /* piggy-bank.app */,
				AF68FC8A1A2FB17300853A77 /* piggy-bankTests.xctest */,
			);
			name = Products;
			sourceTree = "<group>";
		};
		AF68FC771A2FB17200853A77 /* piggy-bank */ = {
			isa = PBXGroup;
			children = (
				AF68FC7A1A2FB17200853A77 /* AppDelegate.swift */,
				AF68FC7C1A2FB17200853A77 /* ViewController.swift */,
				AF68FC7E1A2FB17200853A77 /* Main.storyboard */,
				AF68FC811A2FB17200853A77 /* Images.xcassets */,
				AF68FC831A2FB17200853A77 /* LaunchScreen.xib */,
				AF68FC781A2FB17200853A77 /* Supporting Files */,
			);
			path = "piggy-bank";
			sourceTree = "<group>";
		};
		AF68FC781A2FB17200853A77 /* Supporting Files */ = {
			isa = PBXGroup;
			children = (
				AF68FC791A2FB17200853A77 /* Info.plist */,
			);
			name = "Supporting Files";
			sourceTree = "<group>";
		};
		AF68FC8D1A2FB17300853A77 /* piggy-bankTests */ = {
			isa = PBXGroup;
			children = (
				AF68FC901A2FB17300853A77 /* piggy_bankTests.swift */,
				AF68FC8E1A2FB17300853A77 /* Supporting Files */,
			);
			path = "piggy-bankTests";
			sourceTree = "<group>";
		};
		AF68FC8E1A2FB17300853A77 /* Supporting Files */ = {
			isa = PBXGroup;
			children = (
				AF68FC8F1A2FB17300853A77 /* Info.plist */,
			);
			name = "Supporting Files";
			sourceTree = "<group>";
		};
/* End PBXGroup section */

/* Begin PBXNativeTarget section */
		AF68FC741A2FB17200853A77 /* piggy-bank */ = {
			isa = PBXNativeTarget;
			buildConfigurationList = AF68FC941A2FB17300853A77 /* Build configuration list for PBXNativeTarget "piggy-bank" */;
			buildPhases = (
				AF68FC711A2FB17200853A77 /* Sources */,
				AF68FC721A2FB17200853A77 /* Frameworks */,
				AF68FC731A2FB17200853A77 /* Resources */,
			);
			buildRules = (
			);
			dependencies = (
			);
			name = "piggy-bank";
			productName = "piggy-bank";
			productReference = AF68FC751A2FB17200853A77 /* piggy-bank.app */;
			productType = "com.apple.product-type.application";
		};
		AF68FC891A2FB17300853A77 /* piggy-bankTests */ = {
			isa = PBXNativeTarget;
			buildConfigurationList = AF68FC971A2FB17300853A77 /* Build configuration list for PBXNativeTarget "piggy-bankTests" */;
			buildPhases = (
				AF68FC861A2FB17300853A77 /* Sources */,
				AF68FC871A2FB17300853A77 /* Frameworks */,
				AF68FC881A2FB17300853A77 /* Resources */,
			);
			buildRules = (
			);
			dependencies = (
				AF68FC8C1A2FB17300853A77 /* PBXTargetDependency */,
			);
			name = "piggy-bankTests";
			productName = "piggy-bankTests";
			productReference = AF68FC8A1A2FB17300853A77 /* piggy-bankTests.xctest */;
			productType = "com.apple.product-type.bundle.unit-test";
		};
/* End PBXNativeTarget section */

/* Begin PBXProject section */
		AF68FC6D1A2FB17200853A77 /* Project object */ = {
			isa = PBXProject;
			attributes = {
				LastUpgradeCheck = 0610;
				ORGANIZATIONNAME = "com.red-cedar";
				TargetAttributes = {
					AF68FC741A2FB17200853A77 = {
						CreatedOnToolsVersion = 6.1;
					};
					AF68FC891A2FB17300853A77 = {
						CreatedOnToolsVersion = 6.1;
						TestTargetID = AF68FC741A2FB17200853A77;
					};
				};
			};
			buildConfigurationList = AF68FC701A2FB17200853A77 /* Build configuration list for PBXProject "piggy-bank" */;
			compatibilityVersion = "Xcode 3.2";
			developmentRegion = English;
			hasScannedForEncodings = 0;
			knownRegions = (
				en,
				Base,
			);
			mainGroup = AF68FC6C1A2FB17200853A77;
			productRefGroup = AF68FC761A2FB17200853A77 /* Products */;
			projectDirPath = "";
			projectRoot = "";
			targets = (
				AF68FC741A2FB17200853A77 /* piggy-bank */,
				AF68FC891A2FB17300853A77 /* piggy-bankTests */,
			);
		};
/* End PBXProject section */

/* Begin PBXResourcesBuildPhase section */
		AF68FC731A2FB17200853A77 /* Resources */ = {
			isa = PBXResourcesBuildPhase;
			buildActionMask = 2147483647;
			files = (
				AF68FC801A2FB17200853A77 /* Main.storyboard in Resources */,
				AF68FC851A2FB17200853A77 /* LaunchScreen.xib in Resources */,
				AF68FC821A2FB17200853A77 /* Images.xcassets in Resources */,
			);
			runOnlyForDeploymentPostprocessing = 0;
		};
		AF68FC881A2FB17300853A77 /* Resources */ = {
			isa = PBXResourcesBuildPhase;
			buildActionMask = 2147483647;
			files = (
			);
			runOnlyForDeploymentPostprocessing = 0;
		};
/* End PBXResourcesBuildPhase section */

/* Begin PBXSourcesBuildPhase section */
		AF68FC711A2FB17200853A77 /* Sources */ = {
			isa = PBXSourcesBuildPhase;
			buildActionMask = 2147483647;
			files = (
				AF68FC7D1A2FB17200853A77 /* ViewController.swift in Sources */,
				AF68FC7B1A2FB17200853A77 /* AppDelegate.swift in Sources */,
			);
			runOnlyForDeploymentPostprocessing = 0;
		};
		AF68FC861A2FB17300853A77 /* Sources */ = {
			isa = PBXSourcesBuildPhase;
			buildActionMask = 2147483647;
			files = (
				AF68FC911A2FB17300853A77 /* piggy_bankTests.swift in Sources */,
			);
			runOnlyForDeploymentPostprocessing = 0;
		};
/* End PBXSourcesBuildPhase section */

/* Begin PBXTargetDependency section */
		AF68FC8C1A2FB17300853A77 /* PBXTargetDependency */ = {
			isa = PBXTargetDependency;
			target = AF68FC741A2FB17200853A77 /* piggy-bank */;
			targetProxy = AF68FC8B1A2FB17300853A77 /* PBXContainerItemProxy */;
		};
/* End PBXTargetDependency section */

/* Begin PBXVariantGroup section */
		AF68FC7E1A2FB17200853A77 /* Main.storyboard */ = {
			isa = PBXVariantGroup;
			children = (
				AF68FC7F1A2FB17200853A77 /* Base */,
			);
			name = Main.storyboard;
			sourceTree = "<group>";
		};
		AF68FC831A2FB17200853A77 /* LaunchScreen.xib */ = {
			isa = PBXVariantGroup;
			children = (
				AF68FC841A2FB17200853A77 /* Base */,
			);
			name = LaunchScreen.xib;
			sourceTree = "<group>";
		};
/* End PBXVariantGroup section */

/* Begin XCBuildConfiguration section */
		AF68FC921A2FB17300853A77 /* Debug */ = {
			isa = XCBuildConfiguration;
			buildSettings = {
				ALWAYS_SEARCH_USER_PATHS = NO;
				CLANG_CXX_LANGUAGE_STANDARD = "gnu++0x";
				CLANG_CXX_LIBRARY = "libc++";
				CLANG_ENABLE_MODULES = YES;
				CLANG_ENABLE_OBJC_ARC = YES;
				CLANG_WARN_BOOL_CONVERSION = YES;
				CLANG_WARN_CONSTANT_CONVERSION = YES;
				CLANG_WARN_DIRECT_OBJC_ISA_USAGE = YES_ERROR;
				CLANG_WARN_EMPTY_BODY = YES;
				CLANG_WARN_ENUM_CONVERSION = YES;
				CLANG_WARN_INT_CONVERSION = YES;
				CLANG_WARN_OBJC_ROOT_CLASS = YES_ERROR;
				CLANG_WARN_UNREACHABLE_CODE = YES;
				CLANG_WARN__DUPLICATE_METHOD_MATCH = YES;
				"CODE_SIGN_IDENTITY[sdk=iphoneos*]" = "iPhone Developer";
				COPY_PHASE_STRIP = NO;
				ENABLE_STRICT_OBJC_MSGSEND = YES;
				GCC_C_LANGUAGE_STANDARD = gnu99;
				GCC_DYNAMIC_NO_PIC = NO;
				GCC_OPTIMIZATION_LEVEL = 0;
				GCC_PREPROCESSOR_DEFINITIONS = (
					"DEBUG=1",
					"$(inherited)",
				);
				GCC_SYMBOLS_PRIVATE_EXTERN = NO;
				GCC_WARN_64_TO_32_BIT_CONVERSION = YES;
				GCC_WARN_ABOUT_RETURN_TYPE = YES_ERROR;
				GCC_WARN_UNDECLARED_SELECTOR = YES;
				GCC_WARN_UNINITIALIZED_AUTOS = YES_AGGRESSIVE;
				GCC_WARN_UNUSED_FUNCTION = YES;
				GCC_WARN_UNUSED_VARIABLE = YES;
				IPHONEOS_DEPLOYMENT_TARGET = 8.1;
				MTL_ENABLE_DEBUG_INFO = YES;
				ONLY_ACTIVE_ARCH = YES;
				SDKROOT = iphoneos;
				SWIFT_OPTIMIZATION_LEVEL = "-Onone";
			};
			name = Debug;
		};
		AF68FC931A2FB17300853A77 /* Release */ = {
			isa = XCBuildConfiguration;
			buildSettings = {
				ALWAYS_SEARCH_USER_PATHS = NO;
				CLANG_CXX_LANGUAGE_STANDARD = "gnu++0x";
				CLANG_CXX_LIBRARY = "libc++";
				CLANG_ENABLE_MODULES = YES;
				CLANG_ENABLE_OBJC_ARC = YES;
				CLANG_WARN_BOOL_CONVERSION = YES;
				CLANG_WARN_CONSTANT_CONVERSION = YES;
				CLANG_WARN_DIRECT_OBJC_ISA_USAGE = YES_ERROR;
				CLANG_WARN_EMPTY_BODY = YES;
				CLANG_WARN_ENUM_CONVERSION = YES;
				CLANG_WARN_INT_CONVERSION = YES;
				CLANG_WARN_OBJC_ROOT_CLASS = YES_ERROR;
				CLANG_WARN_UNREACHABLE_CODE = YES;
				CLANG_WARN__DUPLICATE_METHOD_MATCH = YES;
				"CODE_SIGN_IDENTITY[sdk=iphoneos*]" = "iPhone Developer";
				COPY_PHASE_STRIP = YES;
				ENABLE_NS_ASSERTIONS = NO;
				ENABLE_STRICT_OBJC_MSGSEND = YES;
				GCC_C_LANGUAGE_STANDARD = gnu99;
				GCC_WARN_64_TO_32_BIT_CONVERSION = YES;
				GCC_WARN_ABOUT_RETURN_TYPE = YES_ERROR;
				GCC_WARN_UNDECLARED_SELECTOR = YES;
				GCC_WARN_UNINITIALIZED_AUTOS = YES_AGGRESSIVE;
				GCC_WARN_UNUSED_FUNCTION = YES;
				GCC_WARN_UNUSED_VARIABLE = YES;
				IPHONEOS_DEPLOYMENT_TARGET = 8.1;
				MTL_ENABLE_DEBUG_INFO = NO;
				SDKROOT = iphoneos;
				VALIDATE_PRODUCT = YES;
			};
			name = Release;
		};
		AF68FC951A2FB17300853A77 /* Debug */ = {
			isa = XCBuildConfiguration;
			buildSettings = {
				ASSETCATALOG_COMPILER_APPICON_NAME = AppIcon;
				INFOPLIST_FILE = "piggy-bank/Info.plist";
				LD_RUNPATH_SEARCH_PATHS = "$(inherited) @executable_path/Frameworks";
				PRODUCT_NAME = "$(TARGET_NAME)";
			};
			name = Debug;
		};
		AF68FC961A2FB17300853A77 /* Release */ = {
			isa = XCBuildConfiguration;
			buildSettings = {
				ASSETCATALOG_COMPILER_APPICON_NAME = AppIcon;
				INFOPLIST_FILE = "piggy-bank/Info.plist";
				LD_RUNPATH_SEARCH_PATHS = "$(inherited) @executable_path/Frameworks";
				PRODUCT_NAME = "$(TARGET_NAME)";
			};
			name = Release;
		};
		AF68FC981A2FB17300853A77 /* Debug */ = {
			isa = XCBuildConfiguration;
			buildSettings = {
				BUNDLE_LOADER = "$(TEST_HOST)";
				FRAMEWORK_SEARCH_PATHS = (
					"$(SDKROOT)/Developer/Library/Frameworks",
					"$(inherited)",
				);
				GCC_PREPROCESSOR_DEFINITIONS = (
					"DEBUG=1",
					"$(inherited)",
				);
				INFOPLIST_FILE = "piggy-bankTests/Info.plist";
				LD_RUNPATH_SEARCH_PATHS = "$(inherited) @executable_path/Frameworks @loader_path/Frameworks";
				PRODUCT_NAME = "$(TARGET_NAME)";
				TEST_HOST = "$(BUILT_PRODUCTS_DIR)/piggy-bank.app/piggy-bank";
			};
			name = Debug;
		};
		AF68FC991A2FB17300853A77 /* Release */ = {
			isa = XCBuildConfiguration;
			buildSettings = {
				BUNDLE_LOADER = "$(TEST_HOST)";
				FRAMEWORK_SEARCH_PATHS = (
					"$(SDKROOT)/Developer/Library/Frameworks",
					"$(inherited)",
				);
				INFOPLIST_FILE = "piggy-bankTests/Info.plist";
				LD_RUNPATH_SEARCH_PATHS = "$(inherited) @executable_path/Frameworks @loader_path/Frameworks";
				PRODUCT_NAME = "$(TARGET_NAME)";
				TEST_HOST = "$(BUILT_PRODUCTS_DIR)/piggy-bank.app/piggy-bank";
			};
			name = Release;
		};
/* End XCBuildConfiguration section */

/* Begin XCConfigurationList section */
		AF68FC701A2FB17200853A77 /* Build configuration list for PBXProject "piggy-bank" */ = {
			isa = XCConfigurationList;
			buildConfigurations = (
				AF68FC921A2FB17300853A77 /* Debug */,
				AF68FC931A2FB17300853A77 /* Release */,
			);
			defaultConfigurationIsVisible = 0;
			defaultConfigurationName = Release;
		};
		AF68FC941A2FB17300853A77 /* Build configuration list for PBXNativeTarget "piggy-bank" */ = {
			isa = XCConfigurationList;
			buildConfigurations = (
				AF68FC951A2FB17300853A77 /* Debug */,
				AF68FC961A2FB17300853A77 /* Release */,
			);
			defaultConfigurationIsVisible = 0;
		};
		AF68FC971A2FB17300853A77 /* Build configuration list for PBXNativeTarget "piggy-bankTests" */ = {
			isa = XCConfigurationList;
			buildConfigurations = (
				AF68FC981A2FB17300853A77 /* Debug */,
				AF68FC991A2FB17300853A77 /* Release */,
			);
			defaultConfigurationIsVisible = 0;
		};
/* End XCConfigurationList section */
	};
	rootObject = AF68FC6D1A2FB17200853A77 /* Project object */;
}
